
Microsoft Visual Studio Solution File, Format Version 12.00
# Visual Studio 15
VisualStudioVersion = 15.0.27703.2042
MinimumVisualStudioVersion = 10.0.40219.1
Project("{FAE04EC0-301F-11D3-BF4B-00C04F79EFBC}") = "MathewsonEllaPE19", "MathewsonEllaPE19\MathewsonEllaPE19.csproj", "{D195446E-7CFA-45AD-B5C9-56E3A4CB170C}"
EndProject
Global
	GlobalSection(SolutionConfigurationPlatforms) = preSolution
		Debug|Any CPU = Debug|Any CPU
		Release|Any CPU = Release|Any CPU
	EndGlobalSection
	GlobalSection(ProjectConfigurationPlatforms) = postSolution
		{D195446E-7CFA-45AD-B5C9-56E3A4CB170C}.Debug|Any CPU.ActiveCfg = Debug|Any CPU
		{D195446E-7CFA-45AD-B5C9-56E3A4CB170C}.Debug|Any CPU.Build.0 = Debug|Any CPU
		{D195446E-7CFA-45AD-B5C9-56E3A4CB170C}.Release|Any CPU.ActiveCfg = Release|Any CPU
		{D195446E-7CFA-45AD-B5C9-56E3A4CB170C}.Release|Any CPU.Build.0 = Release|Any CPU
	EndGlobalSection
	GlobalSection(SolutionProperties) = preSolution
		HideSolutionNode = FALSE
	EndGlobalSection
	GlobalSection(ExtensibilityGlobals) = postSolution
		SolutionGuid = {41D1C029-8A21-4066-AC68-884B8B9191A9}
	EndGlobalSection
EndGlobal
